
Microsoft Visual Studio Solution File, Format Version 12.00
# Visual Studio Version 16
VisualStudioVersion = 16.0.32126.315
MinimumVisualStudioVersion = 10.0.40219.1
Project("{FAE04EC0-301F-11D3-BF4B-00C04F79EFBC}") = "Assignment5.4", "Assignment5.4.csproj", "{CA5E686A-C887-4C83-B305-B0A683353147}"
EndProject
Project("{FAE04EC0-301F-11D3-BF4B-00C04F79EFBC}") = "Book Management System", "..\Book Management System\Book Management System.csproj", "{92EC3B70-35E3-43A3-BEBD-FDB1C6C6CA59}"
EndProject
Global
	GlobalSection(SolutionConfigurationPlatforms) = preSolution
		Debug|Any CPU = Debug|Any CPU
		Release|Any CPU = Release|Any CPU
	EndGlobalSection
	GlobalSection(ProjectConfigurationPlatforms) = postSolution
		{CA5E686A-C887-4C83-B305-B0A683353147}.Debug|Any CPU.ActiveCfg = Debug|Any CPU
		{CA5E686A-C887-4C83-B305-B0A683353147}.Debug|Any CPU.Build.0 = Debug|Any CPU
		{CA5E686A-C887-4C83-B305-B0A683353147}.Release|Any CPU.ActiveCfg = Release|Any CPU
		{CA5E686A-C887-4C83-B305-B0A683353147}.Release|Any CPU.Build.0 = Release|Any CPU
		{92EC3B70-35E3-43A3-BEBD-FDB1C6C6CA59}.Debug|Any CPU.ActiveCfg = Debug|Any CPU
		{92EC3B70-35E3-43A3-BEBD-FDB1C6C6CA59}.Debug|Any CPU.Build.0 = Debug|Any CPU
		{92EC3B70-35E3-43A3-BEBD-FDB1C6C6CA59}.Release|Any CPU.ActiveCfg = Release|Any CPU
		{92EC3B70-35E3-43A3-BEBD-FDB1C6C6CA59}.Release|Any CPU.Build.0 = Release|Any CPU
	EndGlobalSection
	GlobalSection(SolutionProperties) = preSolution
		HideSolutionNode = FALSE
	EndGlobalSection
	GlobalSection(ExtensibilityGlobals) = postSolution
		SolutionGuid = {BAC8467F-90C8-4D85-861D-260BEA49B194}
	EndGlobalSection
EndGlobal
